
Microsoft Visual Studio Solution File, Format Version 12.00
# Visual Studio 15
VisualStudioVersion = 15.0.28307.106
MinimumVisualStudioVersion = 10.0.40219.1
Project("{FAE04EC0-301F-11D3-BF4B-00C04F79EFBC}") = "ConveyancingSoftwareSearch", "ConveyancingSoftwareSearch\ConveyancingSoftwareSearch.csproj", "{65FDD2AF-AB17-4AAD-9E0D-24E1329BC874}"
EndProject
Global
	GlobalSection(SolutionConfigurationPlatforms) = preSolution
		Debug|Any CPU = Debug|Any CPU
		Release|Any CPU = Release|Any CPU
	EndGlobalSection
	GlobalSection(ProjectConfigurationPlatforms) = postSolution
		{65FDD2AF-AB17-4AAD-9E0D-24E1329BC874}.Debug|Any CPU.ActiveCfg = Debug|Any CPU
		{65FDD2AF-AB17-4AAD-9E0D-24E1329BC874}.Debug|Any CPU.Build.0 = Debug|Any CPU
		{65FDD2AF-AB17-4AAD-9E0D-24E1329BC874}.Release|Any CPU.ActiveCfg = Release|Any CPU
		{65FDD2AF-AB17-4AAD-9E0D-24E1329BC874}.Release|Any CPU.Build.0 = Release|Any CPU
	EndGlobalSection
	GlobalSection(SolutionProperties) = preSolution
		HideSolutionNode = FALSE
	EndGlobalSection
	GlobalSection(ExtensibilityGlobals) = postSolution
		SolutionGuid = {AB589186-8287-4B89-8FA6-4A61F76367EC}
	EndGlobalSection
EndGlobal
